// !$*UTF8*$!
{
	archiveVersion = 1;
	classes = {
	};
	objectVersion = 56;
	objects = {

/* Begin PBXBuildFile section */
		702456EE2BF2CEE200422BEA /* CreateForm.swift in Sources */ = {isa = PBXBuildFile; fileRef = 702456ED2BF2CEE200422BEA /* CreateForm.swift */; };
		702456F02BF3B88A00422BEA /* Home.swift in Sources */ = {isa = PBXBuildFile; fileRef = 702456EF2BF3B88A00422BEA /* Home.swift */; };
		7029B54F2C06C0170032208C /* FirebaseAuth in Frameworks */ = {isa = PBXBuildFile; productRef = 7029B54E2C06C0170032208C /* FirebaseAuth */; };
		7029B5522C06CEAF0032208C /* GoogleSignIn in Frameworks */ = {isa = PBXBuildFile; productRef = 7029B5512C06CEAF0032208C /* GoogleSignIn */; };
		7029B5542C06CEAF0032208C /* GoogleSignInSwift in Frameworks */ = {isa = PBXBuildFile; productRef = 7029B5532C06CEAF0032208C /* GoogleSignInSwift */; };
		7029B5592C06D08C0032208C /* GoogleService-Info.plist in Resources */ = {isa = PBXBuildFile; fileRef = 7029B5582C06D08C0032208C /* GoogleService-Info.plist */; };
		7029B55B2C07B9630032208C /* Utilities.swift in Sources */ = {isa = PBXBuildFile; fileRef = 7029B55A2C07B9630032208C /* Utilities.swift */; };
		7029B55D2C07C7B30032208C /* GoogleSignInMethod.swift in Sources */ = {isa = PBXBuildFile; fileRef = 7029B55C2C07C7B30032208C /* GoogleSignInMethod.swift */; };
		7029B55F2C0A5A7A0032208C /* AppleSignInMethod.swift in Sources */ = {isa = PBXBuildFile; fileRef = 7029B55E2C0A5A7A0032208C /* AppleSignInMethod.swift */; };
		708636CE2C056FC400336FD1 /* AccountSettingsView.swift in Sources */ = {isa = PBXBuildFile; fileRef = 708636CD2C056FC400336FD1 /* AccountSettingsView.swift */; };
		708846FD2C043FEB00828CAB /* FirebaseAnalytics in Frameworks */ = {isa = PBXBuildFile; productRef = 708846FC2C043FEB00828CAB /* FirebaseAnalytics */; };
		708846FF2C043FEB00828CAB /* FirebaseAnalyticsSwift in Frameworks */ = {isa = PBXBuildFile; productRef = 708846FE2C043FEB00828CAB /* FirebaseAnalyticsSwift */; };
		708847052C044F4000828CAB /* CreateAccountView.swift in Sources */ = {isa = PBXBuildFile; fileRef = 708847042C044F4000828CAB /* CreateAccountView.swift */; };
		708847072C04525B00828CAB /* AuthenticationManager.swift in Sources */ = {isa = PBXBuildFile; fileRef = 708847062C04525B00828CAB /* AuthenticationManager.swift */; };
		7088470F2C05469000828CAB /* RootView.swift in Sources */ = {isa = PBXBuildFile; fileRef = 7088470E2C05469000828CAB /* RootView.swift */; };
		708847132C05481900828CAB /* ResetPasswordView.swift in Sources */ = {isa = PBXBuildFile; fileRef = 708847122C05481900828CAB /* ResetPasswordView.swift */; };
		709AF09B2BBED2E7003ABF60 /* FinanceFreedomApp.swift in Sources */ = {isa = PBXBuildFile; fileRef = 709AF09A2BBED2E7003ABF60 /* FinanceFreedomApp.swift */; };
		709AF09D2BBED2E7003ABF60 /* ContentView.swift in Sources */ = {isa = PBXBuildFile; fileRef = 709AF09C2BBED2E7003ABF60 /* ContentView.swift */; };
		709AF09F2BBED2E9003ABF60 /* Assets.xcassets in Resources */ = {isa = PBXBuildFile; fileRef = 709AF09E2BBED2E9003ABF60 /* Assets.xcassets */; };
		709AF0A22BBED2E9003ABF60 /* Preview Assets.xcassets in Resources */ = {isa = PBXBuildFile; fileRef = 709AF0A12BBED2E9003ABF60 /* Preview Assets.xcassets */; };
		709AF0AE2BC0238D003ABF60 /* AuthenticationView.swift in Sources */ = {isa = PBXBuildFile; fileRef = 709AF0AD2BC0238D003ABF60 /* AuthenticationView.swift */; };
		709AF0B02BC023D0003ABF60 /* MyFinance.swift in Sources */ = {isa = PBXBuildFile; fileRef = 709AF0AF2BC023D0003ABF60 /* MyFinance.swift */; };
		709AF0B32BC02426003ABF60 /* Details.swift in Sources */ = {isa = PBXBuildFile; fileRef = 709AF0B22BC02426003ABF60 /* Details.swift */; };
		709AF0B52BC02486003ABF60 /* DetailsCard.swift in Sources */ = {isa = PBXBuildFile; fileRef = 709AF0B42BC02486003ABF60 /* DetailsCard.swift */; };
		709AF0B72BC0249C003ABF60 /* AccountView.swift in Sources */ = {isa = PBXBuildFile; fileRef = 709AF0B62BC0249C003ABF60 /* AccountView.swift */; };
		709AF0B92BC027CB003ABF60 /* Styles.swift in Sources */ = {isa = PBXBuildFile; fileRef = 709AF0B82BC027CB003ABF60 /* Styles.swift */; };
		709AF0BC2BC06DB8003ABF60 /* Finnance Freedom Logo.jpeg in Resources */ = {isa = PBXBuildFile; fileRef = 709AF0BB2BC06DB8003ABF60 /* Finnance Freedom Logo.jpeg */; };
		709AF0BE2BC06DDC003ABF60 /* Logo.swift in Sources */ = {isa = PBXBuildFile; fileRef = 709AF0BD2BC06DDC003ABF60 /* Logo.swift */; };
		70E903C02BFE592200A6E246 /* ViewModel.swift in Sources */ = {isa = PBXBuildFile; fileRef = 70E903BF2BFE592200A6E246 /* ViewModel.swift */; };
/* End PBXBuildFile section */

/* Begin PBXFileReference section */
		702456ED2BF2CEE200422BEA /* CreateForm.swift */ = {isa = PBXFileReference; lastKnownFileType = sourcecode.swift; path = CreateForm.swift; sourceTree = "<group>"; };
		702456EF2BF3B88A00422BEA /* Home.swift */ = {isa = PBXFileReference; lastKnownFileType = sourcecode.swift; path = Home.swift; sourceTree = "<group>"; };
		7029B5552C06CF810032208C /* Info.plist */ = {isa = PBXFileReference; lastKnownFileType = text.plist; path = Info.plist; sourceTree = "<group>"; };
		7029B5582C06D08C0032208C /* GoogleService-Info.plist */ = {isa = PBXFileReference; fileEncoding = 4; lastKnownFileType = text.plist.xml; name = "GoogleService-Info.plist"; path = "../../GoogleService-Info.plist"; sourceTree = "<group>"; };
		7029B55A2C07B9630032208C /* Utilities.swift */ = {isa = PBXFileReference; lastKnownFileType = sourcecode.swift; path = Utilities.swift; sourceTree = "<group>"; };
		7029B55C2C07C7B30032208C /* GoogleSignInMethod.swift */ = {isa = PBXFileReference; lastKnownFileType = sourcecode.swift; path = GoogleSignInMethod.swift; sourceTree = "<group>"; };
		7029B55E2C0A5A7A0032208C /* AppleSignInMethod.swift */ = {isa = PBXFileReference; lastKnownFileType = sourcecode.swift; path = AppleSignInMethod.swift; sourceTree = "<group>"; };
		708636CD2C056FC400336FD1 /* AccountSettingsView.swift */ = {isa = PBXFileReference; lastKnownFileType = sourcecode.swift; path = AccountSettingsView.swift; sourceTree = "<group>"; };
		708846D82C04273D00828CAB /* FinanceFreedom.entitlements */ = {isa = PBXFileReference; lastKnownFileType = text.plist.entitlements; path = FinanceFreedom.entitlements; sourceTree = "<group>"; };
		708847042C044F4000828CAB /* CreateAccountView.swift */ = {isa = PBXFileReference; lastKnownFileType = sourcecode.swift; path = CreateAccountView.swift; sourceTree = "<group>"; };
		708847062C04525B00828CAB /* AuthenticationManager.swift */ = {isa = PBXFileReference; lastKnownFileType = sourcecode.swift; path = AuthenticationManager.swift; sourceTree = "<group>"; };
		7088470E2C05469000828CAB /* RootView.swift */ = {isa = PBXFileReference; lastKnownFileType = sourcecode.swift; path = RootView.swift; sourceTree = "<group>"; };
		708847122C05481900828CAB /* ResetPasswordView.swift */ = {isa = PBXFileReference; lastKnownFileType = sourcecode.swift; path = ResetPasswordView.swift; sourceTree = "<group>"; };
		709AF0972BBED2E7003ABF60 /* FinanceFreedom.app */ = {isa = PBXFileReference; explicitFileType = wrapper.application; includeInIndex = 0; path = FinanceFreedom.app; sourceTree = BUILT_PRODUCTS_DIR; };
		709AF09A2BBED2E7003ABF60 /* FinanceFreedomApp.swift */ = {isa = PBXFileReference; lastKnownFileType = sourcecode.swift; path = FinanceFreedomApp.swift; sourceTree = "<group>"; };
		709AF09C2BBED2E7003ABF60 /* ContentView.swift */ = {isa = PBXFileReference; lastKnownFileType = sourcecode.swift; path = ContentView.swift; sourceTree = "<group>"; };
		709AF09E2BBED2E9003ABF60 /* Assets.xcassets */ = {isa = PBXFileReference; lastKnownFileType = folder.assetcatalog; path = Assets.xcassets; sourceTree = "<group>"; };
		709AF0A12BBED2E9003ABF60 /* Preview Assets.xcassets */ = {isa = PBXFileReference; lastKnownFileType = folder.assetcatalog; path = "Preview Assets.xcassets"; sourceTree = "<group>"; };
		709AF0AD2BC0238D003ABF60 /* AuthenticationView.swift */ = {isa = PBXFileReference; lastKnownFileType = sourcecode.swift; path = AuthenticationView.swift; sourceTree = "<group>"; };
		709AF0AF2BC023D0003ABF60 /* MyFinance.swift */ = {isa = PBXFileReference; lastKnownFileType = sourcecode.swift; path = MyFinance.swift; sourceTree = "<group>"; };
		709AF0B22BC02426003ABF60 /* Details.swift */ = {isa = PBXFileReference; lastKnownFileType = sourcecode.swift; path = Details.swift; sourceTree = "<group>"; };
		709AF0B42BC02486003ABF60 /* DetailsCard.swift */ = {isa = PBXFileReference; lastKnownFileType = sourcecode.swift; path = DetailsCard.swift; sourceTree = "<group>"; };
		709AF0B62BC0249C003ABF60 /* AccountView.swift */ = {isa = PBXFileReference; lastKnownFileType = sourcecode.swift; path = AccountView.swift; sourceTree = "<group>"; };
		709AF0B82BC027CB003ABF60 /* Styles.swift */ = {isa = PBXFileReference; lastKnownFileType = sourcecode.swift; path = Styles.swift; sourceTree = "<group>"; };
		709AF0BB2BC06DB8003ABF60 /* Finnance Freedom Logo.jpeg */ = {isa = PBXFileReference; lastKnownFileType = image.jpeg; path = "Finnance Freedom Logo.jpeg"; sourceTree = "<group>"; };
		709AF0BD2BC06DDC003ABF60 /* Logo.swift */ = {isa = PBXFileReference; lastKnownFileType = sourcecode.swift; path = Logo.swift; sourceTree = "<group>"; };
		70E903BF2BFE592200A6E246 /* ViewModel.swift */ = {isa = PBXFileReference; lastKnownFileType = sourcecode.swift; path = ViewModel.swift; sourceTree = "<group>"; };
/* End PBXFileReference section */

/* Begin PBXFrameworksBuildPhase section */
		709AF0942BBED2E7003ABF60 /* Frameworks */ = {
			isa = PBXFrameworksBuildPhase;
			buildActionMask = 2147483647;
			files = (
				7029B5542C06CEAF0032208C /* GoogleSignInSwift in Frameworks */,
				708846FF2C043FEB00828CAB /* FirebaseAnalyticsSwift in Frameworks */,
				7029B5522C06CEAF0032208C /* GoogleSignIn in Frameworks */,
				7029B54F2C06C0170032208C /* FirebaseAuth in Frameworks */,
				708846FD2C043FEB00828CAB /* FirebaseAnalytics in Frameworks */,
			);
			runOnlyForDeploymentPostprocessing = 0;
		};
/* End PBXFrameworksBuildPhase section */

/* Begin PBXGroup section */
		702456EA2BD6AF3400422BEA /* Models */ = {
			isa = PBXGroup;
			children = (
				70E903BF2BFE592200A6E246 /* ViewModel.swift */,
			);
			path = Models;
			sourceTree = "<group>";
		};
		708847002C04457900828CAB /* Frameworks */ = {
			isa = PBXGroup;
			children = (
			);
			name = Frameworks;
			sourceTree = "<group>";
		};
		708847032C04469400828CAB /* Authentication */ = {
			isa = PBXGroup;
			children = (
				7088470E2C05469000828CAB /* RootView.swift */,
				709AF0AD2BC0238D003ABF60 /* AuthenticationView.swift */,
				708847122C05481900828CAB /* ResetPasswordView.swift */,
				708847042C044F4000828CAB /* CreateAccountView.swift */,
				7029B55C2C07C7B30032208C /* GoogleSignInMethod.swift */,
				709AF0B62BC0249C003ABF60 /* AccountView.swift */,
				7029B55E2C0A5A7A0032208C /* AppleSignInMethod.swift */,
				708636CD2C056FC400336FD1 /* AccountSettingsView.swift */,
				708847062C04525B00828CAB /* AuthenticationManager.swift */,
			);
			path = Authentication;
			sourceTree = "<group>";
		};
		709AF08E2BBED2E7003ABF60 = {
			isa = PBXGroup;
			children = (
				709AF0992BBED2E7003ABF60 /* FinanceFreedom */,
				709AF0982BBED2E7003ABF60 /* Products */,
				708847002C04457900828CAB /* Frameworks */,
			);
			sourceTree = "<group>";
		};
		709AF0982BBED2E7003ABF60 /* Products */ = {
			isa = PBXGroup;
			children = (
				709AF0972BBED2E7003ABF60 /* FinanceFreedom.app */,
			);
			name = Products;
			sourceTree = "<group>";
		};
		709AF0992BBED2E7003ABF60 /* FinanceFreedom */ = {
			isa = PBXGroup;
			children = (
				7029B5552C06CF810032208C /* Info.plist */,
				708846D82C04273D00828CAB /* FinanceFreedom.entitlements */,
				709AF09A2BBED2E7003ABF60 /* FinanceFreedomApp.swift */,
				709AF0B82BC027CB003ABF60 /* Styles.swift */,
				7029B55A2C07B9630032208C /* Utilities.swift */,
				708847032C04469400828CAB /* Authentication */,
				702456EA2BD6AF3400422BEA /* Models */,
				709AF0B12BC023FC003ABF60 /* Views */,
				709AF09C2BBED2E7003ABF60 /* ContentView.swift */,
				7029B5582C06D08C0032208C /* GoogleService-Info.plist */,
				709AF0BB2BC06DB8003ABF60 /* Finnance Freedom Logo.jpeg */,
				709AF09E2BBED2E9003ABF60 /* Assets.xcassets */,
				709AF0A02BBED2E9003ABF60 /* Preview Content */,
			);
			path = FinanceFreedom;
			sourceTree = "<group>";
		};
		709AF0A02BBED2E9003ABF60 /* Preview Content */ = {
			isa = PBXGroup;
			children = (
				709AF0A12BBED2E9003ABF60 /* Preview Assets.xcassets */,
			);
			path = "Preview Content";
			sourceTree = "<group>";
		};
		709AF0B12BC023FC003ABF60 /* Views */ = {
			isa = PBXGroup;
			children = (
				709AF0AF2BC023D0003ABF60 /* MyFinance.swift */,
				702456EF2BF3B88A00422BEA /* Home.swift */,
				709AF0B22BC02426003ABF60 /* Details.swift */,
				709AF0B42BC02486003ABF60 /* DetailsCard.swift */,
				709AF0BD2BC06DDC003ABF60 /* Logo.swift */,
				702456ED2BF2CEE200422BEA /* CreateForm.swift */,
			);
			path = Views;
			sourceTree = "<group>";
		};
/* End PBXGroup section */

/* Begin PBXNativeTarget section */
		709AF0962BBED2E7003ABF60 /* FinanceFreedom */ = {
			isa = PBXNativeTarget;
			buildConfigurationList = 709AF0AA2BBED2E9003ABF60 /* Build configuration list for PBXNativeTarget "FinanceFreedom" */;
			buildPhases = (
				709AF0932BBED2E7003ABF60 /* Sources */,
				709AF0942BBED2E7003ABF60 /* Frameworks */,
				709AF0952BBED2E7003ABF60 /* Resources */,
			);
			buildRules = (
			);
			dependencies = (
			);
			name = FinanceFreedom;
			packageProductDependencies = (
				708846FC2C043FEB00828CAB /* FirebaseAnalytics */,
				708846FE2C043FEB00828CAB /* FirebaseAnalyticsSwift */,
				7029B54E2C06C0170032208C /* FirebaseAuth */,
				7029B5512C06CEAF0032208C /* GoogleSignIn */,
				7029B5532C06CEAF0032208C /* GoogleSignInSwift */,
			);
			productName = FinanceFreedom;
			productReference = 709AF0972BBED2E7003ABF60 /* FinanceFreedom.app */;
			productType = "com.apple.product-type.application";
		};
/* End PBXNativeTarget section */

/* Begin PBXProject section */
		709AF08F2BBED2E7003ABF60 /* Project object */ = {
			isa = PBXProject;
			attributes = {
				BuildIndependentTargetsInParallel = 1;
				LastSwiftUpdateCheck = 1520;
				LastUpgradeCheck = 1520;
				TargetAttributes = {
					709AF0962BBED2E7003ABF60 = {
						CreatedOnToolsVersion = 15.2;
					};
				};
			};
			buildConfigurationList = 709AF0922BBED2E7003ABF60 /* Build configuration list for PBXProject "FinanceFreedom" */;
			compatibilityVersion = "Xcode 14.0";
			developmentRegion = en;
			hasScannedForEncodings = 0;
			knownRegions = (
				en,
				Base,
			);
			mainGroup = 709AF08E2BBED2E7003ABF60;
			packageReferences = (
				708846F72C043ACD00828CAB /* XCRemoteSwiftPackageReference "firebase-ios-sdk" */,
				7029B5502C06CEAF0032208C /* XCRemoteSwiftPackageReference "GoogleSignIn-iOS" */,
			);
			productRefGroup = 709AF0982BBED2E7003ABF60 /* Products */;
			projectDirPath = "";
			projectRoot = "";
			targets = (
				709AF0962BBED2E7003ABF60 /* FinanceFreedom */,
			);
		};
/* End PBXProject section */

/* Begin PBXResourcesBuildPhase section */
		709AF0952BBED2E7003ABF60 /* Resources */ = {
			isa = PBXResourcesBuildPhase;
			buildActionMask = 2147483647;
			files = (
				709AF0A22BBED2E9003ABF60 /* Preview Assets.xcassets in Resources */,
				7029B5592C06D08C0032208C /* GoogleService-Info.plist in Resources */,
				709AF0BC2BC06DB8003ABF60 /* Finnance Freedom Logo.jpeg in Resources */,
				709AF09F2BBED2E9003ABF60 /* Assets.xcassets in Resources */,
			);
			runOnlyForDeploymentPostprocessing = 0;
		};
/* End PBXResourcesBuildPhase section */

/* Begin PBXSourcesBuildPhase section */
		709AF0932BBED2E7003ABF60 /* Sources */ = {
			isa = PBXSourcesBuildPhase;
			buildActionMask = 2147483647;
			files = (
				709AF0B92BC027CB003ABF60 /* Styles.swift in Sources */,
				702456EE2BF2CEE200422BEA /* CreateForm.swift in Sources */,
				709AF0B02BC023D0003ABF60 /* MyFinance.swift in Sources */,
				708847132C05481900828CAB /* ResetPasswordView.swift in Sources */,
				702456F02BF3B88A00422BEA /* Home.swift in Sources */,
				70E903C02BFE592200A6E246 /* ViewModel.swift in Sources */,
				7029B55B2C07B9630032208C /* Utilities.swift in Sources */,
				709AF0BE2BC06DDC003ABF60 /* Logo.swift in Sources */,
				708636CE2C056FC400336FD1 /* AccountSettingsView.swift in Sources */,
				709AF0AE2BC0238D003ABF60 /* AuthenticationView.swift in Sources */,
				708847052C044F4000828CAB /* CreateAccountView.swift in Sources */,
				709AF0B52BC02486003ABF60 /* DetailsCard.swift in Sources */,
				708847072C04525B00828CAB /* AuthenticationManager.swift in Sources */,
				7029B55F2C0A5A7A0032208C /* AppleSignInMethod.swift in Sources */,
				709AF0B72BC0249C003ABF60 /* AccountView.swift in Sources */,
				709AF09D2BBED2E7003ABF60 /* ContentView.swift in Sources */,
				709AF09B2BBED2E7003ABF60 /* FinanceFreedomApp.swift in Sources */,
				709AF0B32BC02426003ABF60 /* Details.swift in Sources */,
				7088470F2C05469000828CAB /* RootView.swift in Sources */,
				7029B55D2C07C7B30032208C /* GoogleSignInMethod.swift in Sources */,
			);
			runOnlyForDeploymentPostprocessing = 0;
		};
/* End PBXSourcesBuildPhase section */

/* Begin XCBuildConfiguration section */
		709AF0A82BBED2E9003ABF60 /* Debug */ = {
			isa = XCBuildConfiguration;
			buildSettings = {
				ALWAYS_SEARCH_USER_PATHS = NO;
				ASSETCATALOG_COMPILER_GENERATE_SWIFT_ASSET_SYMBOL_EXTENSIONS = YES;
				CLANG_ANALYZER_NONNULL = YES;
				CLANG_ANALYZER_NUMBER_OBJECT_CONVERSION = YES_AGGRESSIVE;
				CLANG_CXX_LANGUAGE_STANDARD = "gnu++20";
				CLANG_ENABLE_MODULES = YES;
				CLANG_ENABLE_OBJC_ARC = YES;
				CLANG_ENABLE_OBJC_WEAK = YES;
				CLANG_WARN_BLOCK_CAPTURE_AUTORELEASING = YES;
				CLANG_WARN_BOOL_CONVERSION = YES;
				CLANG_WARN_COMMA = YES;
				CLANG_WARN_CONSTANT_CONVERSION = YES;
				CLANG_WARN_DEPRECATED_OBJC_IMPLEMENTATIONS = YES;
				CLANG_WARN_DIRECT_OBJC_ISA_USAGE = YES_ERROR;
				CLANG_WARN_DOCUMENTATION_COMMENTS = YES;
				CLANG_WARN_EMPTY_BODY = YES;
				CLANG_WARN_ENUM_CONVERSION = YES;
				CLANG_WARN_INFINITE_RECURSION = YES;
				CLANG_WARN_INT_CONVERSION = YES;
				CLANG_WARN_NON_LITERAL_NULL_CONVERSION = YES;
				CLANG_WARN_OBJC_IMPLICIT_RETAIN_SELF = YES;
				CLANG_WARN_OBJC_LITERAL_CONVERSION = YES;
				CLANG_WARN_OBJC_ROOT_CLASS = YES_ERROR;
				CLANG_WARN_QUOTED_INCLUDE_IN_FRAMEWORK_HEADER = YES;
				CLANG_WARN_RANGE_LOOP_ANALYSIS = YES;
				CLANG_WARN_STRICT_PROTOTYPES = YES;
				CLANG_WARN_SUSPICIOUS_MOVE = YES;
				CLANG_WARN_UNGUARDED_AVAILABILITY = YES_AGGRESSIVE;
				CLANG_WARN_UNREACHABLE_CODE = YES;
				CLANG_WARN__DUPLICATE_METHOD_MATCH = YES;
				COPY_PHASE_STRIP = NO;
				DEBUG_INFORMATION_FORMAT = dwarf;
				ENABLE_STRICT_OBJC_MSGSEND = YES;
				ENABLE_TESTABILITY = YES;
				ENABLE_USER_SCRIPT_SANDBOXING = YES;
				GCC_C_LANGUAGE_STANDARD = gnu17;
				GCC_DYNAMIC_NO_PIC = NO;
				GCC_NO_COMMON_BLOCKS = YES;
				GCC_OPTIMIZATION_LEVEL = 0;
				GCC_PREPROCESSOR_DEFINITIONS = (
					"DEBUG=1",
					"$(inherited)",
				);
				GCC_WARN_64_TO_32_BIT_CONVERSION = YES;
				GCC_WARN_ABOUT_RETURN_TYPE = YES_ERROR;
				GCC_WARN_UNDECLARED_SELECTOR = YES;
				GCC_WARN_UNINITIALIZED_AUTOS = YES_AGGRESSIVE;
				GCC_WARN_UNUSED_FUNCTION = YES;
				GCC_WARN_UNUSED_VARIABLE = YES;
				IPHONEOS_DEPLOYMENT_TARGET = 17.2;
				LOCALIZATION_PREFERS_STRING_CATALOGS = YES;
				MTL_ENABLE_DEBUG_INFO = INCLUDE_SOURCE;
				MTL_FAST_MATH = YES;
				ONLY_ACTIVE_ARCH = YES;
				SDKROOT = iphoneos;
				SWIFT_ACTIVE_COMPILATION_CONDITIONS = "DEBUG $(inherited)";
				SWIFT_OPTIMIZATION_LEVEL = "-Onone";
			};
			name = Debug;
		};
		709AF0A92BBED2E9003ABF60 /* Release */ = {
			isa = XCBuildConfiguration;
			buildSettings = {
				ALWAYS_SEARCH_USER_PATHS = NO;
				ASSETCATALOG_COMPILER_GENERATE_SWIFT_ASSET_SYMBOL_EXTENSIONS = YES;
				CLANG_ANALYZER_NONNULL = YES;
				CLANG_ANALYZER_NUMBER_OBJECT_CONVERSION = YES_AGGRESSIVE;
				CLANG_CXX_LANGUAGE_STANDARD = "gnu++20";
				CLANG_ENABLE_MODULES = YES;
				CLANG_ENABLE_OBJC_ARC = YES;
				CLANG_ENABLE_OBJC_WEAK = YES;
				CLANG_WARN_BLOCK_CAPTURE_AUTORELEASING = YES;
				CLANG_WARN_BOOL_CONVERSION = YES;
				CLANG_WARN_COMMA = YES;
				CLANG_WARN_CONSTANT_CONVERSION = YES;
				CLANG_WARN_DEPRECATED_OBJC_IMPLEMENTATIONS = YES;
				CLANG_WARN_DIRECT_OBJC_ISA_USAGE = YES_ERROR;
				CLANG_WARN_DOCUMENTATION_COMMENTS = YES;
				CLANG_WARN_EMPTY_BODY = YES;
				CLANG_WARN_ENUM_CONVERSION = YES;
				CLANG_WARN_INFINITE_RECURSION = YES;
				CLANG_WARN_INT_CONVERSION = YES;
				CLANG_WARN_NON_LITERAL_NULL_CONVERSION = YES;
				CLANG_WARN_OBJC_IMPLICIT_RETAIN_SELF = YES;
				CLANG_WARN_OBJC_LITERAL_CONVERSION = YES;
				CLANG_WARN_OBJC_ROOT_CLASS = YES_ERROR;
				CLANG_WARN_QUOTED_INCLUDE_IN_FRAMEWORK_HEADER = YES;
				CLANG_WARN_RANGE_LOOP_ANALYSIS = YES;
				CLANG_WARN_STRICT_PROTOTYPES = YES;
				CLANG_WARN_SUSPICIOUS_MOVE = YES;
				CLANG_WARN_UNGUARDED_AVAILABILITY = YES_AGGRESSIVE;
				CLANG_WARN_UNREACHABLE_CODE = YES;
				CLANG_WARN__DUPLICATE_METHOD_MATCH = YES;
				COPY_PHASE_STRIP = NO;
				DEBUG_INFORMATION_FORMAT = "dwarf-with-dsym";
				ENABLE_NS_ASSERTIONS = NO;
				ENABLE_STRICT_OBJC_MSGSEND = YES;
				ENABLE_USER_SCRIPT_SANDBOXING = YES;
				GCC_C_LANGUAGE_STANDARD = gnu17;
				GCC_NO_COMMON_BLOCKS = YES;
				GCC_WARN_64_TO_32_BIT_CONVERSION = YES;
				GCC_WARN_ABOUT_RETURN_TYPE = YES_ERROR;
				GCC_WARN_UNDECLARED_SELECTOR = YES;
				GCC_WARN_UNINITIALIZED_AUTOS = YES_AGGRESSIVE;
				GCC_WARN_UNUSED_FUNCTION = YES;
				GCC_WARN_UNUSED_VARIABLE = YES;
				IPHONEOS_DEPLOYMENT_TARGET = 17.2;
				LOCALIZATION_PREFERS_STRING_CATALOGS = YES;
				MTL_ENABLE_DEBUG_INFO = NO;
				MTL_FAST_MATH = YES;
				SDKROOT = iphoneos;
				SWIFT_COMPILATION_MODE = wholemodule;
				VALIDATE_PRODUCT = YES;
			};
			name = Release;
		};
		709AF0AB2BBED2E9003ABF60 /* Debug */ = {
			isa = XCBuildConfiguration;
			buildSettings = {
				ASSETCATALOG_COMPILER_APPICON_NAME = AppIcon;
				ASSETCATALOG_COMPILER_GLOBAL_ACCENT_COLOR_NAME = AccentColor;
				CODE_SIGN_ENTITLEMENTS = FinanceFreedom/FinanceFreedom.entitlements;
				CODE_SIGN_IDENTITY = "Apple Development";
				CODE_SIGN_STYLE = Manual;
				CURRENT_PROJECT_VERSION = 1;
				DEVELOPMENT_ASSET_PATHS = "\"FinanceFreedom/Preview Content\"";
				DEVELOPMENT_TEAM = "";
				ENABLE_PREVIEWS = YES;
				GENERATE_INFOPLIST_FILE = YES;
				INFOPLIST_FILE = FinanceFreedom/Info.plist;
				INFOPLIST_KEY_UIApplicationSceneManifest_Generation = YES;
				INFOPLIST_KEY_UIApplicationSupportsIndirectInputEvents = YES;
				INFOPLIST_KEY_UILaunchScreen_Generation = YES;
				INFOPLIST_KEY_UISupportedInterfaceOrientations_iPad = "UIInterfaceOrientationPortrait UIInterfaceOrientationPortraitUpsideDown UIInterfaceOrientationLandscapeLeft UIInterfaceOrientationLandscapeRight";
				INFOPLIST_KEY_UISupportedInterfaceOrientations_iPhone = "UIInterfaceOrientationPortrait UIInterfaceOrientationLandscapeLeft UIInterfaceOrientationLandscapeRight";
				IPHONEOS_DEPLOYMENT_TARGET = 17.5;
				LD_RUNPATH_SEARCH_PATHS = (
					"$(inherited)",
					"@executable_path/Frameworks",
				);
				MARKETING_VERSION = 1.0;
				PRODUCT_BUNDLE_IDENTIFIER = com.SP.FinnanceFreedom2024;
				PRODUCT_NAME = "$(TARGET_NAME)";
				PROVISIONING_PROFILE_SPECIFIER = "";
				SWIFT_EMIT_LOC_STRINGS = YES;
				SWIFT_VERSION = 5.0;
				TARGETED_DEVICE_FAMILY = "1,2";
			};
			name = Debug;
		};
		709AF0AC2BBED2E9003ABF60 /* Release */ = {
			isa = XCBuildConfiguration;
			buildSettings = {
				ASSETCATALOG_COMPILER_APPICON_NAME = AppIcon;
				ASSETCATALOG_COMPILER_GLOBAL_ACCENT_COLOR_NAME = AccentColor;
				CODE_SIGN_ENTITLEMENTS = FinanceFreedom/FinanceFreedom.entitlements;
				CODE_SIGN_IDENTITY = "Apple Development";
				CODE_SIGN_STYLE = Automatic;
				CURRENT_PROJECT_VERSION = 1;
				DEVELOPMENT_ASSET_PATHS = "\"FinanceFreedom/Preview Content\"";
				DEVELOPMENT_TEAM = 34HZ7Z8453;
				ENABLE_PREVIEWS = YES;
				GENERATE_INFOPLIST_FILE = YES;
				INFOPLIST_FILE = FinanceFreedom/Info.plist;
				INFOPLIST_KEY_UIApplicationSceneManifest_Generation = YES;
				INFOPLIST_KEY_UIApplicationSupportsIndirectInputEvents = YES;
				INFOPLIST_KEY_UILaunchScreen_Generation = YES;
				INFOPLIST_KEY_UISupportedInterfaceOrientations_iPad = "UIInterfaceOrientationPortrait UIInterfaceOrientationPortraitUpsideDown UIInterfaceOrientationLandscapeLeft UIInterfaceOrientationLandscapeRight";
				INFOPLIST_KEY_UISupportedInterfaceOrientations_iPhone = "UIInterfaceOrientationPortrait UIInterfaceOrientationLandscapeLeft UIInterfaceOrientationLandscapeRight";
				IPHONEOS_DEPLOYMENT_TARGET = 17.5;
				LD_RUNPATH_SEARCH_PATHS = (
					"$(inherited)",
					"@executable_path/Frameworks",
				);
				MARKETING_VERSION = 1.0;
				PRODUCT_BUNDLE_IDENTIFIER = com.smartprojects.financefreedom;
				PRODUCT_NAME = "$(TARGET_NAME)";
				PROVISIONING_PROFILE_SPECIFIER = "";
				SWIFT_EMIT_LOC_STRINGS = YES;
				SWIFT_VERSION = 5.0;
				TARGETED_DEVICE_FAMILY = "1,2";
			};
			name = Release;
		};
/* End XCBuildConfiguration section */

/* Begin XCConfigurationList section */
		709AF0922BBED2E7003ABF60 /* Build configuration list for PBXProject "FinanceFreedom" */ = {
			isa = XCConfigurationList;
			buildConfigurations = (
				709AF0A82BBED2E9003ABF60 /* Debug */,
				709AF0A92BBED2E9003ABF60 /* Release */,
			);
			defaultConfigurationIsVisible = 0;
			defaultConfigurationName = Release;
		};
		709AF0AA2BBED2E9003ABF60 /* Build configuration list for PBXNativeTarget "FinanceFreedom" */ = {
			isa = XCConfigurationList;
			buildConfigurations = (
				709AF0AB2BBED2E9003ABF60 /* Debug */,
				709AF0AC2BBED2E9003ABF60 /* Release */,
			);
			defaultConfigurationIsVisible = 0;
			defaultConfigurationName = Release;
		};
/* End XCConfigurationList section */

/* Begin XCRemoteSwiftPackageReference section */
		7029B5502C06CEAF0032208C /* XCRemoteSwiftPackageReference "GoogleSignIn-iOS" */ = {
			isa = XCRemoteSwiftPackageReference;
			repositoryURL = "https://github.com/google/GoogleSignIn-iOS.git";
			requirement = {
				kind = upToNextMajorVersion;
				minimumVersion = 7.1.0;
			};
		};
		708846F72C043ACD00828CAB /* XCRemoteSwiftPackageReference "firebase-ios-sdk" */ = {
			isa = XCRemoteSwiftPackageReference;
			repositoryURL = "https://github.com/firebase/firebase-ios-sdk";
			requirement = {
				kind = upToNextMajorVersion;
				minimumVersion = 10.26.0;
			};
		};
/* End XCRemoteSwiftPackageReference section */

/* Begin XCSwiftPackageProductDependency section */
		7029B54E2C06C0170032208C /* FirebaseAuth */ = {
			isa = XCSwiftPackageProductDependency;
			package = 708846F72C043ACD00828CAB /* XCRemoteSwiftPackageReference "firebase-ios-sdk" */;
			productName = FirebaseAuth;
		};
		7029B5512C06CEAF0032208C /* GoogleSignIn */ = {
			isa = XCSwiftPackageProductDependency;
			package = 7029B5502C06CEAF0032208C /* XCRemoteSwiftPackageReference "GoogleSignIn-iOS" */;
			productName = GoogleSignIn;
		};
		7029B5532C06CEAF0032208C /* GoogleSignInSwift */ = {
			isa = XCSwiftPackageProductDependency;
			package = 7029B5502C06CEAF0032208C /* XCRemoteSwiftPackageReference "GoogleSignIn-iOS" */;
			productName = GoogleSignInSwift;
		};
		708846FC2C043FEB00828CAB /* FirebaseAnalytics */ = {
			isa = XCSwiftPackageProductDependency;
			package = 708846F72C043ACD00828CAB /* XCRemoteSwiftPackageReference "firebase-ios-sdk" */;
			productName = FirebaseAnalytics;
		};
		708846FE2C043FEB00828CAB /* FirebaseAnalyticsSwift */ = {
			isa = XCSwiftPackageProductDependency;
			package = 708846F72C043ACD00828CAB /* XCRemoteSwiftPackageReference "firebase-ios-sdk" */;
			productName = FirebaseAnalyticsSwift;
		};
/* End XCSwiftPackageProductDependency section */
	};
	rootObject = 709AF08F2BBED2E7003ABF60 /* Project object */;
}
